
Microsoft Visual Studio Solution File, Format Version 12.00
# Visual Studio Version 17
VisualStudioVersion = 17.5.33530.505
MinimumVisualStudioVersion = 10.0.40219.1
Project("{FAE04EC0-301F-11D3-BF4B-00C04F79EFBC}") = "vaccination_proj", "vaccination_proj.csproj", "{98712507-6473-4921-AAC5-C81D7E56BC4C}"
EndProject
Global
	GlobalSection(SolutionConfigurationPlatforms) = preSolution
		Debug|Any CPU = Debug|Any CPU
		Release|Any CPU = Release|Any CPU
	EndGlobalSection
	GlobalSection(ProjectConfigurationPlatforms) = postSolution
		{98712507-6473-4921-AAC5-C81D7E56BC4C}.Debug|Any CPU.ActiveCfg = Debug|Any CPU
		{98712507-6473-4921-AAC5-C81D7E56BC4C}.Debug|Any CPU.Build.0 = Debug|Any CPU
		{98712507-6473-4921-AAC5-C81D7E56BC4C}.Release|Any CPU.ActiveCfg = Release|Any CPU
		{98712507-6473-4921-AAC5-C81D7E56BC4C}.Release|Any CPU.Build.0 = Release|Any CPU
	EndGlobalSection
	GlobalSection(SolutionProperties) = preSolution
		HideSolutionNode = FALSE
	EndGlobalSection
	GlobalSection(ExtensibilityGlobals) = postSolution
		SolutionGuid = {F32F97EE-3961-4B26-9B37-97E5C3CB0E4E}
	EndGlobalSection
EndGlobal
